<?xml version="1.0" encoding="utf-8"?>
<Project ToolsVersion="4.0" xmlns="http://schemas.microsoft.com/developer/msbuild/2003">
  <ItemGroup>
    <Filter Include="ソース ファイル">
      <UniqueIdentifier>{4FC737F1-C7A5-4376-A066-2A32D752A2FF}</UniqueIdentifier>
      <Extensions>cpp;c;cc;cxx;c++;cppm;ixx;def;odl;idl;hpj;bat;asm;asmx</Extensions>
    </Filter>
    <Filter Include="ヘッダー ファイル">
      <UniqueIdentifier>{93995380-89BD-4b04-88EB-625FBE52EBFB}</UniqueIdentifier>
      <Extensions>h;hh;hpp;hxx;h++;hm;inl;inc;ipp;xsd</Extensions>
    </Filter>
    <Filter Include="リソース ファイル">
      <UniqueIdentifier>{67DA6AB6-F800-4c08-8B7A-83BB121AAD01}</UniqueIdentifier>
      <Extensions>rc;ico;cur;bmp;dlg;rc2;rct;bin;rgs;gif;jpg;jpeg;jpe;resx;tiff;tif;png;wav;mfcribbon-ms</Extensions>
    </Filter>
    <Filter Include="System">
      <UniqueIdentifier>{e8d9c7e3-e082-48a2-95a1-a54b2cbd0ad4}</UniqueIdentifier>
    </Filter>
    <Filter Include="Sigleton">
      <UniqueIdentifier>{057010d1-147b-4f44-8788-59ae2b17d6a6}</UniqueIdentifier>
    </Filter>
    <Filter Include="Input">
      <UniqueIdentifier>{b4fdbe98-dc8a-4ce9-a0fa-fc55245f2036}</UniqueIdentifier>
    </Filter>
    <Filter Include="DirectX">
      <UniqueIdentifier>{f5fdd1c0-3cfd-4673-a32f-1458d0f9416d}</UniqueIdentifier>
    </Filter>
    <Filter Include="Support">
      <UniqueIdentifier>{1863b2f8-dbf1-4587-8785-c56e7c4375e3}</UniqueIdentifier>
    </Filter>
    <Filter Include="Support\Microsoft">
      <UniqueIdentifier>{eef915ee-fc6f-43bc-98d6-e178635b90ad}</UniqueIdentifier>
    </Filter>
  </ItemGroup>
  <ItemGroup>
    <ClCompile Include="main.cpp">
      <Filter>ソース ファイル</Filter>
    </ClCompile>
    <ClCompile Include="Singleton.cpp">
      <Filter>Sigleton</Filter>
    </ClCompile>
    <ClCompile Include="stdafx.cpp">
      <Filter>ソース ファイル</Filter>
    </ClCompile>
    <ClCompile Include="Input.cpp">
      <Filter>Input</Filter>
    </ClCompile>
    <ClCompile Include="System.cpp">
      <Filter>System</Filter>
    </ClCompile>
    <ClCompile Include="Direct3D.cpp">
      <Filter>DirectX</Filter>
    </ClCompile>
    <ClCompile Include="Support.cpp">
      <Filter>Support</Filter>
    </ClCompile>
    <ClCompile Include="Model.cpp">
      <Filter>Support\Microsoft</Filter>
    </ClCompile>
  </ItemGroup>
  <ItemGroup>
    <ClInclude Include="error.h">
      <Filter>ヘッダー ファイル</Filter>
    </ClInclude>
    <ClInclude Include="release.h">
      <Filter>ヘッダー ファイル</Filter>
    </ClInclude>
    <ClInclude Include="Singleton.h">
      <Filter>Sigleton</Filter>
    </ClInclude>
    <ClInclude Include="stdafx.h">
      <Filter>ヘッダー ファイル</Filter>
    </ClInclude>
    <ClInclude Include="Input.h">
      <Filter>Input</Filter>
    </ClInclude>
    <ClInclude Include="InputKeycode.h">
      <Filter>Input</Filter>
    </ClInclude>
    <ClInclude Include="System.h">
      <Filter>System</Filter>
    </ClInclude>
    <ClInclude Include="Direct3D.h">
      <Filter>DirectX</Filter>
    </ClInclude>
    <ClInclude Include="d3dx12.h">
      <Filter>Support\Microsoft</Filter>
    </ClInclude>
    <ClInclude Include="DXHelper.h">
      <Filter>Support\Microsoft</Filter>
    </ClInclude>
    <ClInclude Include="Support.h">
      <Filter>Support</Filter>
    </ClInclude>
    <ClInclude Include="Model.h">
      <Filter>Support\Microsoft</Filter>
    </ClInclude>
    <ClInclude Include="Span.h">
      <Filter>Support\Microsoft</Filter>
    </ClInclude>
  </ItemGroup>
  <ItemGroup>
    <None Include="packages.config" />
  </ItemGroup>
</Project>